
Microsoft Visual Studio Solution File, Format Version 12.00
# Visual Studio Version 17
VisualStudioVersion = 17.7.34031.279
MinimumVisualStudioVersion = 10.0.40219.1
Project("{8BC9CEB8-8B4A-11D0-8D11-00A0C91BC942}") = "Pr10.1", "Pr10.1\Pr10.1.vcxproj", "{967247B0-6799-4732-84D7-DFF35A8D2A71}"
EndProject
Project("{8BC9CEB8-8B4A-11D0-8D11-00A0C91BC942}") = "UnitTest1", "UnitTest1\UnitTest1.vcxproj", "{231B1CF6-D3DB-4C87-8146-175FA5ED3C8E}"
EndProject
Global
	GlobalSection(SolutionConfigurationPlatforms) = preSolution
		Debug|x64 = Debug|x64
		Debug|x86 = Debug|x86
		Release|x64 = Release|x64
		Release|x86 = Release|x86
	EndGlobalSection
	GlobalSection(ProjectConfigurationPlatforms) = postSolution
		{967247B0-6799-4732-84D7-DFF35A8D2A71}.Debug|x64.ActiveCfg = Debug|x64
		{967247B0-6799-4732-84D7-DFF35A8D2A71}.Debug|x64.Build.0 = Debug|x64
		{967247B0-6799-4732-84D7-DFF35A8D2A71}.Debug|x86.ActiveCfg = Debug|Win32
		{967247B0-6799-4732-84D7-DFF35A8D2A71}.Debug|x86.Build.0 = Debug|Win32
		{967247B0-6799-4732-84D7-DFF35A8D2A71}.Release|x64.ActiveCfg = Release|x64
		{967247B0-6799-4732-84D7-DFF35A8D2A71}.Release|x64.Build.0 = Release|x64
		{967247B0-6799-4732-84D7-DFF35A8D2A71}.Release|x86.ActiveCfg = Release|Win32
		{967247B0-6799-4732-84D7-DFF35A8D2A71}.Release|x86.Build.0 = Release|Win32
		{231B1CF6-D3DB-4C87-8146-175FA5ED3C8E}.Debug|x64.ActiveCfg = Debug|x64
		{231B1CF6-D3DB-4C87-8146-175FA5ED3C8E}.Debug|x64.Build.0 = Debug|x64
		{231B1CF6-D3DB-4C87-8146-175FA5ED3C8E}.Debug|x86.ActiveCfg = Debug|Win32
		{231B1CF6-D3DB-4C87-8146-175FA5ED3C8E}.Debug|x86.Build.0 = Debug|Win32
		{231B1CF6-D3DB-4C87-8146-175FA5ED3C8E}.Release|x64.ActiveCfg = Release|x64
		{231B1CF6-D3DB-4C87-8146-175FA5ED3C8E}.Release|x64.Build.0 = Release|x64
		{231B1CF6-D3DB-4C87-8146-175FA5ED3C8E}.Release|x86.ActiveCfg = Release|Win32
		{231B1CF6-D3DB-4C87-8146-175FA5ED3C8E}.Release|x86.Build.0 = Release|Win32
	EndGlobalSection
	GlobalSection(SolutionProperties) = preSolution
		HideSolutionNode = FALSE
	EndGlobalSection
	GlobalSection(ExtensibilityGlobals) = postSolution
		SolutionGuid = {C2324749-3736-4980-83C8-B6E9637AE5E0}
	EndGlobalSection
EndGlobal
